# THIS IS AN AUTOGENERATED FILE. DO NOT EDIT THIS FILE DIRECTLY.
# yarn lockfile v1


react-list-drag-and-drop@^0.9.2:
  version "0.9.2"
  resolved "https://registry.yarnpkg.com/react-list-drag-and-drop/-/react-list-drag-and-drop-0.9.2.tgz#ca636a6c06bb2a8318733434237faa302277159e"
  integrity sha512-wGZ5l/OubVZ29zJxaS7qwokGa2gjbkvtR0KMQMwLEUa13vjtXjI+sIG8PfZPZaG+8FTFGJeO74s06ZOiXgH2Bw==
